// !$*UTF8*$!
{
	archiveVersion = 1;
	classes = {
	};
	objectVersion = 46;
	objects = {

/* Begin PBXBuildFile section */
		C38D9D08216C9244002DC7CA /* main.m in Sources */ = {isa = PBXBuildFile; fileRef = C38D9D07216C9244002DC7CA /* main.m */; };
		C38D9D0B216C9244002DC7CA /* AppDelegate.m in Sources */ = {isa = PBXBuildFile; fileRef = C38D9D0A216C9244002DC7CA /* AppDelegate.m */; };
		C38D9D0E216C9244002DC7CA /* ViewController.m in Sources */ = {isa = PBXBuildFile; fileRef = C38D9D0D216C9244002DC7CA /* ViewController.m */; };
		C38D9D11216C9244002DC7CA /* Main.storyboard in Resources */ = {isa = PBXBuildFile; fileRef = C38D9D0F216C9244002DC7CA /* Main.storyboard */; };
		C38D9D13216C9244002DC7CA /* Assets.xcassets in Resources */ = {isa = PBXBuildFile; fileRef = C38D9D12216C9244002DC7CA /* Assets.xcassets */; };
		C38D9D16216C9244002DC7CA /* LaunchScreen.storyboard in Resources */ = {isa = PBXBuildFile; fileRef = C38D9D14216C9244002DC7CA /* LaunchScreen.storyboard */; };
		C38D9D21216C9244002DC7CA /* JSONTaskTests.m in Sources */ = {isa = PBXBuildFile; fileRef = C38D9D20216C9244002DC7CA /* JSONTaskTests.m */; };
		C38D9D2C216C9244002DC7CA /* JSONTaskUITests.m in Sources */ = {isa = PBXBuildFile; fileRef = C38D9D2B216C9244002DC7CA /* JSONTaskUITests.m */; };
		C38D9D3C216C9345002DC7CA /* MyCustomCell.xib in Resources */ = {isa = PBXBuildFile; fileRef = C38D9D39216C9345002DC7CA /* MyCustomCell.xib */; };
		C38D9D3D216C9345002DC7CA /* MyCustomCell.m in Sources */ = {isa = PBXBuildFile; fileRef = C38D9D3B216C9345002DC7CA /* MyCustomCell.m */; };
		C38D9D3F216C995C002DC7CA /* img.jpg in Resources */ = {isa = PBXBuildFile; fileRef = C38D9D3E216C995C002DC7CA /* img.jpg */; };
		C38D9D41216C9C01002DC7CA /* img1.png in Resources */ = {isa = PBXBuildFile; fileRef = C38D9D40216C9C01002DC7CA /* img1.png */; };
		C38D9D43216C9C06002DC7CA /* img2.png in Resources */ = {isa = PBXBuildFile; fileRef = C38D9D42216C9C06002DC7CA /* img2.png */; };
		C38D9D45216C9C0C002DC7CA /* img3.png in Resources */ = {isa = PBXBuildFile; fileRef = C38D9D44216C9C0C002DC7CA /* img3.png */; };
		C38D9D47216C9EF3002DC7CA /* File.json in Resources */ = {isa = PBXBuildFile; fileRef = C38D9D46216C9EF3002DC7CA /* File.json */; };
		C38D9DBA216CA0DB002DC7CA /* NSObject+SBJson.m in Sources */ = {isa = PBXBuildFile; fileRef = C38D9DA2216CA0DB002DC7CA /* NSObject+SBJson.m */; };
		C38D9DBB216CA0DB002DC7CA /* SBJsonParser.m in Sources */ = {isa = PBXBuildFile; fileRef = C38D9DA5216CA0DB002DC7CA /* SBJsonParser.m */; };
		C38D9DBC216CA0DB002DC7CA /* SBJsonStreamParser.m in Sources */ = {isa = PBXBuildFile; fileRef = C38D9DA7216CA0DB002DC7CA /* SBJsonStreamParser.m */; };
		C38D9DBD216CA0DB002DC7CA /* SBJsonStreamParserAccumulator.m in Sources */ = {isa = PBXBuildFile; fileRef = C38D9DA9216CA0DB002DC7CA /* SBJsonStreamParserAccumulator.m */; };
		C38D9DBE216CA0DB002DC7CA /* SBJsonStreamParserAdapter.m in Sources */ = {isa = PBXBuildFile; fileRef = C38D9DAB216CA0DB002DC7CA /* SBJsonStreamParserAdapter.m */; };
		C38D9DBF216CA0DB002DC7CA /* SBJsonStreamParserState.m in Sources */ = {isa = PBXBuildFile; fileRef = C38D9DAD216CA0DB002DC7CA /* SBJsonStreamParserState.m */; };
		C38D9DC0216CA0DB002DC7CA /* SBJsonStreamWriter.m in Sources */ = {isa = PBXBuildFile; fileRef = C38D9DAF216CA0DB002DC7CA /* SBJsonStreamWriter.m */; };
		C38D9DC1216CA0DB002DC7CA /* SBJsonStreamWriterAccumulator.m in Sources */ = {isa = PBXBuildFile; fileRef = C38D9DB1216CA0DB002DC7CA /* SBJsonStreamWriterAccumulator.m */; };
		C38D9DC2216CA0DB002DC7CA /* SBJsonStreamWriterState.m in Sources */ = {isa = PBXBuildFile; fileRef = C38D9DB3216CA0DB002DC7CA /* SBJsonStreamWriterState.m */; };
		C38D9DC3216CA0DB002DC7CA /* SBJsonTokeniser.m in Sources */ = {isa = PBXBuildFile; fileRef = C38D9DB5216CA0DB002DC7CA /* SBJsonTokeniser.m */; };
		C38D9DC4216CA0DB002DC7CA /* SBJsonUTF8Stream.m in Sources */ = {isa = PBXBuildFile; fileRef = C38D9DB7216CA0DB002DC7CA /* SBJsonUTF8Stream.m */; };
		C38D9DC5216CA0DB002DC7CA /* SBJsonWriter.m in Sources */ = {isa = PBXBuildFile; fileRef = C38D9DB9216CA0DB002DC7CA /* SBJsonWriter.m */; };
		C38D9DC8216CA7BD002DC7CA /* img11.jpg in Resources */ = {isa = PBXBuildFile; fileRef = C38D9DC7216CA7BD002DC7CA /* img11.jpg */; };
		C38D9DCA216CA90D002DC7CA /* img6.jpg in Resources */ = {isa = PBXBuildFile; fileRef = C38D9DC9216CA90D002DC7CA /* img6.jpg */; };
		C38D9DCC216CA912002DC7CA /* img5.jpg in Resources */ = {isa = PBXBuildFile; fileRef = C38D9DCB216CA912002DC7CA /* img5.jpg */; };
		C38D9DCE216CA916002DC7CA /* img4.jpg in Resources */ = {isa = PBXBuildFile; fileRef = C38D9DCD216CA916002DC7CA /* img4.jpg */; };
		C38D9DD0216CA91B002DC7CA /* img33.jpg in Resources */ = {isa = PBXBuildFile; fileRef = C38D9DCF216CA91B002DC7CA /* img33.jpg */; };
		C38D9DD2216CA922002DC7CA /* img22.jpg in Resources */ = {isa = PBXBuildFile; fileRef = C38D9DD1216CA922002DC7CA /* img22.jpg */; };
/* End PBXBuildFile section */

/* Begin PBXContainerItemProxy section */
		C38D9D1D216C9244002DC7CA /* PBXContainerItemProxy */ = {
			isa = PBXContainerItemProxy;
			containerPortal = C38D9CFB216C9244002DC7CA /* Project object */;
			proxyType = 1;
			remoteGlobalIDString = C38D9D02216C9244002DC7CA;
			remoteInfo = JSONTask;
		};
		C38D9D28216C9244002DC7CA /* PBXContainerItemProxy */ = {
			isa = PBXContainerItemProxy;
			containerPortal = C38D9CFB216C9244002DC7CA /* Project object */;
			proxyType = 1;
			remoteGlobalIDString = C38D9D02216C9244002DC7CA;
			remoteInfo = JSONTask;
		};
/* End PBXContainerItemProxy section */

/* Begin PBXFileReference section */
		C38D9D03216C9244002DC7CA /* JSONTask.app */ = {isa = PBXFileReference; explicitFileType = wrapper.application; includeInIndex = 0; path = JSONTask.app; sourceTree = BUILT_PRODUCTS_DIR; };
		C38D9D07216C9244002DC7CA /* main.m */ = {isa = PBXFileReference; lastKnownFileType = sourcecode.c.objc; path = main.m; sourceTree = "<group>"; };
		C38D9D09216C9244002DC7CA /* AppDelegate.h */ = {isa = PBXFileReference; lastKnownFileType = sourcecode.c.h; path = AppDelegate.h; sourceTree = "<group>"; };
		C38D9D0A216C9244002DC7CA /* AppDelegate.m */ = {isa = PBXFileReference; lastKnownFileType = sourcecode.c.objc; path = AppDelegate.m; sourceTree = "<group>"; };
		C38D9D0C216C9244002DC7CA /* ViewController.h */ = {isa = PBXFileReference; lastKnownFileType = sourcecode.c.h; path = ViewController.h; sourceTree = "<group>"; };
		C38D9D0D216C9244002DC7CA /* ViewController.m */ = {isa = PBXFileReference; lastKnownFileType = sourcecode.c.objc; path = ViewController.m; sourceTree = "<group>"; };
		C38D9D10216C9244002DC7CA /* Base */ = {isa = PBXFileReference; lastKnownFileType = file.storyboard; name = Base; path = Base.lproj/Main.storyboard; sourceTree = "<group>"; };
		C38D9D12216C9244002DC7CA /* Assets.xcassets */ = {isa = PBXFileReference; lastKnownFileType = folder.assetcatalog; path = Assets.xcassets; sourceTree = "<group>"; };
		C38D9D15216C9244002DC7CA /* Base */ = {isa = PBXFileReference; lastKnownFileType = file.storyboard; name = Base; path = Base.lproj/LaunchScreen.storyboard; sourceTree = "<group>"; };
		C38D9D17216C9244002DC7CA /* Info.plist */ = {isa = PBXFileReference; lastKnownFileType = text.plist.xml; path = Info.plist; sourceTree = "<group>"; };
		C38D9D1C216C9244002DC7CA /* JSONTaskTests.xctest */ = {isa = PBXFileReference; explicitFileType = wrapper.cfbundle; includeInIndex = 0; path = JSONTaskTests.xctest; sourceTree = BUILT_PRODUCTS_DIR; };
		C38D9D20216C9244002DC7CA /* JSONTaskTests.m */ = {isa = PBXFileReference; lastKnownFileType = sourcecode.c.objc; path = JSONTaskTests.m; sourceTree = "<group>"; };
		C38D9D22216C9244002DC7CA /* Info.plist */ = {isa = PBXFileReference; lastKnownFileType = text.plist.xml; path = Info.plist; sourceTree = "<group>"; };
		C38D9D27216C9244002DC7CA /* JSONTaskUITests.xctest */ = {isa = PBXFileReference; explicitFileType = wrapper.cfbundle; includeInIndex = 0; path = JSONTaskUITests.xctest; sourceTree = BUILT_PRODUCTS_DIR; };
		C38D9D2B216C9244002DC7CA /* JSONTaskUITests.m */ = {isa = PBXFileReference; lastKnownFileType = sourcecode.c.objc; path = JSONTaskUITests.m; sourceTree = "<group>"; };
		C38D9D2D216C9244002DC7CA /* Info.plist */ = {isa = PBXFileReference; lastKnownFileType = text.plist.xml; path = Info.plist; sourceTree = "<group>"; };
		C38D9D39216C9345002DC7CA /* MyCustomCell.xib */ = {isa = PBXFileReference; fileEncoding = 4; lastKnownFileType = file.xib; path = MyCustomCell.xib; sourceTree = "<group>"; };
		C38D9D3A216C9345002DC7CA /* MyCustomCell.h */ = {isa = PBXFileReference; fileEncoding = 4; lastKnownFileType = sourcecode.c.h; path = MyCustomCell.h; sourceTree = "<group>"; };
		C38D9D3B216C9345002DC7CA /* MyCustomCell.m */ = {isa = PBXFileReference; fileEncoding = 4; lastKnownFileType = sourcecode.c.objc; path = MyCustomCell.m; sourceTree = "<group>"; };
		C38D9D3E216C995C002DC7CA /* img.jpg */ = {isa = PBXFileReference; lastKnownFileType = image.jpeg; path = img.jpg; sourceTree = "<group>"; };
		C38D9D40216C9C01002DC7CA /* img1.png */ = {isa = PBXFileReference; lastKnownFileType = image.png; path = img1.png; sourceTree = "<group>"; };
		C38D9D42216C9C06002DC7CA /* img2.png */ = {isa = PBXFileReference; lastKnownFileType = image.png; path = img2.png; sourceTree = "<group>"; };
		C38D9D44216C9C0C002DC7CA /* img3.png */ = {isa = PBXFileReference; lastKnownFileType = image.png; path = img3.png; sourceTree = "<group>"; };
		C38D9D46216C9EF3002DC7CA /* File.json */ = {isa = PBXFileReference; fileEncoding = 4; lastKnownFileType = text.json; path = File.json; sourceTree = "<group>"; };
		C38D9DA1216CA0DB002DC7CA /* NSObject+SBJson.h */ = {isa = PBXFileReference; fileEncoding = 4; lastKnownFileType = sourcecode.c.h; path = "NSObject+SBJson.h"; sourceTree = "<group>"; };
		C38D9DA2216CA0DB002DC7CA /* NSObject+SBJson.m */ = {isa = PBXFileReference; fileEncoding = 4; lastKnownFileType = sourcecode.c.objc; path = "NSObject+SBJson.m"; sourceTree = "<group>"; };
		C38D9DA3216CA0DB002DC7CA /* SBJson.h */ = {isa = PBXFileReference; fileEncoding = 4; lastKnownFileType = sourcecode.c.h; path = SBJson.h; sourceTree = "<group>"; };
		C38D9DA4216CA0DB002DC7CA /* SBJsonParser.h */ = {isa = PBXFileReference; fileEncoding = 4; lastKnownFileType = sourcecode.c.h; path = SBJsonParser.h; sourceTree = "<group>"; };
		C38D9DA5216CA0DB002DC7CA /* SBJsonParser.m */ = {isa = PBXFileReference; fileEncoding = 4; lastKnownFileType = sourcecode.c.objc; path = SBJsonParser.m; sourceTree = "<group>"; };
		C38D9DA6216CA0DB002DC7CA /* SBJsonStreamParser.h */ = {isa = PBXFileReference; fileEncoding = 4; lastKnownFileType = sourcecode.c.h; path = SBJsonStreamParser.h; sourceTree = "<group>"; };
		C38D9DA7216CA0DB002DC7CA /* SBJsonStreamParser.m */ = {isa = PBXFileReference; fileEncoding = 4; lastKnownFileType = sourcecode.c.objc; path = SBJsonStreamParser.m; sourceTree = "<group>"; };
		C38D9DA8216CA0DB002DC7CA /* SBJsonStreamParserAccumulator.h */ = {isa = PBXFileReference; fileEncoding = 4; lastKnownFileType = sourcecode.c.h; path = SBJsonStreamParserAccumulator.h; sourceTree = "<group>"; };
		C38D9DA9216CA0DB002DC7CA /* SBJsonStreamParserAccumulator.m */ = {isa = PBXFileReference; fileEncoding = 4; lastKnownFileType = sourcecode.c.objc; path = SBJsonStreamParserAccumulator.m; sourceTree = "<group>"; };
		C38D9DAA216CA0DB002DC7CA /* SBJsonStreamParserAdapter.h */ = {isa = PBXFileReference; fileEncoding = 4; lastKnownFileType = sourcecode.c.h; path = SBJsonStreamParserAdapter.h; sourceTree = "<group>"; };
		C38D9DAB216CA0DB002DC7CA /* SBJsonStreamParserAdapter.m */ = {isa = PBXFileReference; fileEncoding = 4; lastKnownFileType = sourcecode.c.objc; path = SBJsonStreamParserAdapter.m; sourceTree = "<group>"; };
		C38D9DAC216CA0DB002DC7CA /* SBJsonStreamParserState.h */ = {isa = PBXFileReference; fileEncoding = 4; lastKnownFileType = sourcecode.c.h; path = SBJsonStreamParserState.h; sourceTree = "<group>"; };
		C38D9DAD216CA0DB002DC7CA /* SBJsonStreamParserState.m */ = {isa = PBXFileReference; fileEncoding = 4; lastKnownFileType = sourcecode.c.objc; path = SBJsonStreamParserState.m; sourceTree = "<group>"; };
		C38D9DAE216CA0DB002DC7CA /* SBJsonStreamWriter.h */ = {isa = PBXFileReference; fileEncoding = 4; lastKnownFileType = sourcecode.c.h; path = SBJsonStreamWriter.h; sourceTree = "<group>"; };
		C38D9DAF216CA0DB002DC7CA /* SBJsonStreamWriter.m */ = {isa = PBXFileReference; fileEncoding = 4; lastKnownFileType = sourcecode.c.objc; path = SBJsonStreamWriter.m; sourceTree = "<group>"; };
		C38D9DB0216CA0DB002DC7CA /* SBJsonStreamWriterAccumulator.h */ = {isa = PBXFileReference; fileEncoding = 4; lastKnownFileType = sourcecode.c.h; path = SBJsonStreamWriterAccumulator.h; sourceTree = "<group>"; };
		C38D9DB1216CA0DB002DC7CA /* SBJsonStreamWriterAccumulator.m */ = {isa = PBXFileReference; fileEncoding = 4; lastKnownFileType = sourcecode.c.objc; path = SBJsonStreamWriterAccumulator.m; sourceTree = "<group>"; };
		C38D9DB2216CA0DB002DC7CA /* SBJsonStreamWriterState.h */ = {isa = PBXFileReference; fileEncoding = 4; lastKnownFileType = sourcecode.c.h; path = SBJsonStreamWriterState.h; sourceTree = "<group>"; };
		C38D9DB3216CA0DB002DC7CA /* SBJsonStreamWriterState.m */ = {isa = PBXFileReference; fileEncoding = 4; lastKnownFileType = sourcecode.c.objc; path = SBJsonStreamWriterState.m; sourceTree = "<group>"; };
		C38D9DB4216CA0DB002DC7CA /* SBJsonTokeniser.h */ = {isa = PBXFileReference; fileEncoding = 4; lastKnownFileType = sourcecode.c.h; path = SBJsonTokeniser.h; sourceTree = "<group>"; };
		C38D9DB5216CA0DB002DC7CA /* SBJsonTokeniser.m */ = {isa = PBXFileReference; fileEncoding = 4; lastKnownFileType = sourcecode.c.objc; path = SBJsonTokeniser.m; sourceTree = "<group>"; };
		C38D9DB6216CA0DB002DC7CA /* SBJsonUTF8Stream.h */ = {isa = PBXFileReference; fileEncoding = 4; lastKnownFileType = sourcecode.c.h; path = SBJsonUTF8Stream.h; sourceTree = "<group>"; };
		C38D9DB7216CA0DB002DC7CA /* SBJsonUTF8Stream.m */ = {isa = PBXFileReference; fileEncoding = 4; lastKnownFileType = sourcecode.c.objc; path = SBJsonUTF8Stream.m; sourceTree = "<group>"; };
		C38D9DB8216CA0DB002DC7CA /* SBJsonWriter.h */ = {isa = PBXFileReference; fileEncoding = 4; lastKnownFileType = sourcecode.c.h; path = SBJsonWriter.h; sourceTree = "<group>"; };
		C38D9DB9216CA0DB002DC7CA /* SBJsonWriter.m */ = {isa = PBXFileReference; fileEncoding = 4; lastKnownFileType = sourcecode.c.objc; path = SBJsonWriter.m; sourceTree = "<group>"; };
		C38D9DC7216CA7BD002DC7CA /* img11.jpg */ = {isa = PBXFileReference; lastKnownFileType = image.jpeg; path = img11.jpg; sourceTree = "<group>"; };
		C38D9DC9216CA90D002DC7CA /* img6.jpg */ = {isa = PBXFileReference; lastKnownFileType = image.jpeg; path = img6.jpg; sourceTree = "<group>"; };
		C38D9DCB216CA912002DC7CA /* img5.jpg */ = {isa = PBXFileReference; lastKnownFileType = image.jpeg; path = img5.jpg; sourceTree = "<group>"; };
		C38D9DCD216CA916002DC7CA /* img4.jpg */ = {isa = PBXFileReference; lastKnownFileType = image.jpeg; path = img4.jpg; sourceTree = "<group>"; };
		C38D9DCF216CA91B002DC7CA /* img33.jpg */ = {isa = PBXFileReference; lastKnownFileType = image.jpeg; path = img33.jpg; sourceTree = "<group>"; };
		C38D9DD1216CA922002DC7CA /* img22.jpg */ = {isa = PBXFileReference; lastKnownFileType = image.jpeg; path = img22.jpg; sourceTree = "<group>"; };
/* End PBXFileReference section */

/* Begin PBXFrameworksBuildPhase section */
		C38D9D00216C9244002DC7CA /* Frameworks */ = {
			isa = PBXFrameworksBuildPhase;
			buildActionMask = 2147483647;
			files = (
			);
			runOnlyForDeploymentPostprocessing = 0;
		};
		C38D9D19216C9244002DC7CA /* Frameworks */ = {
			isa = PBXFrameworksBuildPhase;
			buildActionMask = 2147483647;
			files = (
			);
			runOnlyForDeploymentPostprocessing = 0;
		};
		C38D9D24216C9244002DC7CA /* Frameworks */ = {
			isa = PBXFrameworksBuildPhase;
			buildActionMask = 2147483647;
			files = (
			);
			runOnlyForDeploymentPostprocessing = 0;
		};
/* End PBXFrameworksBuildPhase section */

/* Begin PBXGroup section */
		C38D9CFA216C9243002DC7CA = {
			isa = PBXGroup;
			children = (
				C38D9DC6216CA178002DC7CA /* SBJSON */,
				C38D9D05216C9244002DC7CA /* JSONTask */,
				C38D9D1F216C9244002DC7CA /* JSONTaskTests */,
				C38D9D2A216C9244002DC7CA /* JSONTaskUITests */,
				C38D9D04216C9244002DC7CA /* Products */,
			);
			sourceTree = "<group>";
		};
		C38D9D04216C9244002DC7CA /* Products */ = {
			isa = PBXGroup;
			children = (
				C38D9D03216C9244002DC7CA /* JSONTask.app */,
				C38D9D1C216C9244002DC7CA /* JSONTaskTests.xctest */,
				C38D9D27216C9244002DC7CA /* JSONTaskUITests.xctest */,
			);
			name = Products;
			sourceTree = "<group>";
		};
		C38D9D05216C9244002DC7CA /* JSONTask */ = {
			isa = PBXGroup;
			children = (
				C38D9D09216C9244002DC7CA /* AppDelegate.h */,
				C38D9D0A216C9244002DC7CA /* AppDelegate.m */,
				C38D9D0C216C9244002DC7CA /* ViewController.h */,
				C38D9D0D216C9244002DC7CA /* ViewController.m */,
				C38D9D0F216C9244002DC7CA /* Main.storyboard */,
				C38D9D39216C9345002DC7CA /* MyCustomCell.xib */,
				C38D9D3A216C9345002DC7CA /* MyCustomCell.h */,
				C38D9D3B216C9345002DC7CA /* MyCustomCell.m */,
				C38D9DC7216CA7BD002DC7CA /* img11.jpg */,
				C38D9D3E216C995C002DC7CA /* img.jpg */,
				C38D9D40216C9C01002DC7CA /* img1.png */,
				C38D9D42216C9C06002DC7CA /* img2.png */,
				C38D9D44216C9C0C002DC7CA /* img3.png */,
				C38D9DD1216CA922002DC7CA /* img22.jpg */,
				C38D9DCF216CA91B002DC7CA /* img33.jpg */,
				C38D9DCD216CA916002DC7CA /* img4.jpg */,
				C38D9DCB216CA912002DC7CA /* img5.jpg */,
				C38D9DC9216CA90D002DC7CA /* img6.jpg */,
				C38D9D12216C9244002DC7CA /* Assets.xcassets */,
				C38D9D14216C9244002DC7CA /* LaunchScreen.storyboard */,
				C38D9D17216C9244002DC7CA /* Info.plist */,
				C38D9D06216C9244002DC7CA /* Supporting Files */,
				C38D9D46216C9EF3002DC7CA /* File.json */,
			);
			path = JSONTask;
			sourceTree = "<group>";
		};
		C38D9D06216C9244002DC7CA /* Supporting Files */ = {
			isa = PBXGroup;
			children = (
				C38D9D07216C9244002DC7CA /* main.m */,
			);
			name = "Supporting Files";
			sourceTree = "<group>";
		};
		C38D9D1F216C9244002DC7CA /* JSONTaskTests */ = {
			isa = PBXGroup;
			children = (
				C38D9D20216C9244002DC7CA /* JSONTaskTests.m */,
				C38D9D22216C9244002DC7CA /* Info.plist */,
			);
			path = JSONTaskTests;
			sourceTree = "<group>";
		};
		C38D9D2A216C9244002DC7CA /* JSONTaskUITests */ = {
			isa = PBXGroup;
			children = (
				C38D9D2B216C9244002DC7CA /* JSONTaskUITests.m */,
				C38D9D2D216C9244002DC7CA /* Info.plist */,
			);
			path = JSONTaskUITests;
			sourceTree = "<group>";
		};
		C38D9DC6216CA178002DC7CA /* SBJSON */ = {
			isa = PBXGroup;
			children = (
				C38D9DA1216CA0DB002DC7CA /* NSObject+SBJson.h */,
				C38D9DA2216CA0DB002DC7CA /* NSObject+SBJson.m */,
				C38D9DA3216CA0DB002DC7CA /* SBJson.h */,
				C38D9DA4216CA0DB002DC7CA /* SBJsonParser.h */,
				C38D9DA5216CA0DB002DC7CA /* SBJsonParser.m */,
				C38D9DA6216CA0DB002DC7CA /* SBJsonStreamParser.h */,
				C38D9DA7216CA0DB002DC7CA /* SBJsonStreamParser.m */,
				C38D9DA8216CA0DB002DC7CA /* SBJsonStreamParserAccumulator.h */,
				C38D9DA9216CA0DB002DC7CA /* SBJsonStreamParserAccumulator.m */,
				C38D9DAA216CA0DB002DC7CA /* SBJsonStreamParserAdapter.h */,
				C38D9DAB216CA0DB002DC7CA /* SBJsonStreamParserAdapter.m */,
				C38D9DAC216CA0DB002DC7CA /* SBJsonStreamParserState.h */,
				C38D9DAD216CA0DB002DC7CA /* SBJsonStreamParserState.m */,
				C38D9DAE216CA0DB002DC7CA /* SBJsonStreamWriter.h */,
				C38D9DAF216CA0DB002DC7CA /* SBJsonStreamWriter.m */,
				C38D9DB0216CA0DB002DC7CA /* SBJsonStreamWriterAccumulator.h */,
				C38D9DB1216CA0DB002DC7CA /* SBJsonStreamWriterAccumulator.m */,
				C38D9DB2216CA0DB002DC7CA /* SBJsonStreamWriterState.h */,
				C38D9DB3216CA0DB002DC7CA /* SBJsonStreamWriterState.m */,
				C38D9DB4216CA0DB002DC7CA /* SBJsonTokeniser.h */,
				C38D9DB5216CA0DB002DC7CA /* SBJsonTokeniser.m */,
				C38D9DB6216CA0DB002DC7CA /* SBJsonUTF8Stream.h */,
				C38D9DB7216CA0DB002DC7CA /* SBJsonUTF8Stream.m */,
				C38D9DB8216CA0DB002DC7CA /* SBJsonWriter.h */,
				C38D9DB9216CA0DB002DC7CA /* SBJsonWriter.m */,
			);
			name = SBJSON;
			sourceTree = "<group>";
		};
/* End PBXGroup section */

/* Begin PBXNativeTarget section */
		C38D9D02216C9244002DC7CA /* JSONTask */ = {
			isa = PBXNativeTarget;
			buildConfigurationList = C38D9D30216C9244002DC7CA /* Build configuration list for PBXNativeTarget "JSONTask" */;
			buildPhases = (
				C38D9CFF216C9244002DC7CA /* Sources */,
				C38D9D00216C9244002DC7CA /* Frameworks */,
				C38D9D01216C9244002DC7CA /* Resources */,
			);
			buildRules = (
			);
			dependencies = (
			);
			name = JSONTask;
			productName = JSONTask;
			productReference = C38D9D03216C9244002DC7CA /* JSONTask.app */;
			productType = "com.apple.product-type.application";
		};
		C38D9D1B216C9244002DC7CA /* JSONTaskTests */ = {
			isa = PBXNativeTarget;
			buildConfigurationList = C38D9D33216C9244002DC7CA /* Build configuration list for PBXNativeTarget "JSONTaskTests" */;
			buildPhases = (
				C38D9D18216C9244002DC7CA /* Sources */,
				C38D9D19216C9244002DC7CA /* Frameworks */,
				C38D9D1A216C9244002DC7CA /* Resources */,
			);
			buildRules = (
			);
			dependencies = (
				C38D9D1E216C9244002DC7CA /* PBXTargetDependency */,
			);
			name = JSONTaskTests;
			productName = JSONTaskTests;
			productReference = C38D9D1C216C9244002DC7CA /* JSONTaskTests.xctest */;
			productType = "com.apple.product-type.bundle.unit-test";
		};
		C38D9D26216C9244002DC7CA /* JSONTaskUITests */ = {
			isa = PBXNativeTarget;
			buildConfigurationList = C38D9D36216C9244002DC7CA /* Build configuration list for PBXNativeTarget "JSONTaskUITests" */;
			buildPhases = (
				C38D9D23216C9244002DC7CA /* Sources */,
				C38D9D24216C9244002DC7CA /* Frameworks */,
				C38D9D25216C9244002DC7CA /* Resources */,
			);
			buildRules = (
			);
			dependencies = (
				C38D9D29216C9244002DC7CA /* PBXTargetDependency */,
			);
			name = JSONTaskUITests;
			productName = JSONTaskUITests;
			productReference = C38D9D27216C9244002DC7CA /* JSONTaskUITests.xctest */;
			productType = "com.apple.product-type.bundle.ui-testing";
		};
/* End PBXNativeTarget section */

/* Begin PBXProject section */
		C38D9CFB216C9244002DC7CA /* Project object */ = {
			isa = PBXProject;
			attributes = {
				LastUpgradeCheck = 0830;
				ORGANIZATIONNAME = mac_admin;
				TargetAttributes = {
					C38D9D02216C9244002DC7CA = {
						CreatedOnToolsVersion = 8.3.2;
						ProvisioningStyle = Automatic;
					};
					C38D9D1B216C9244002DC7CA = {
						CreatedOnToolsVersion = 8.3.2;
						ProvisioningStyle = Automatic;
						TestTargetID = C38D9D02216C9244002DC7CA;
					};
					C38D9D26216C9244002DC7CA = {
						CreatedOnToolsVersion = 8.3.2;
						ProvisioningStyle = Automatic;
						TestTargetID = C38D9D02216C9244002DC7CA;
					};
				};
			};
			buildConfigurationList = C38D9CFE216C9244002DC7CA /* Build configuration list for PBXProject "JSONTask" */;
			compatibilityVersion = "Xcode 3.2";
			developmentRegion = English;
			hasScannedForEncodings = 0;
			knownRegions = (
				en,
				Base,
			);
			mainGroup = C38D9CFA216C9243002DC7CA;
			productRefGroup = C38D9D04216C9244002DC7CA /* Products */;
			projectDirPath = "";
			projectRoot = "";
			targets = (
				C38D9D02216C9244002DC7CA /* JSONTask */,
				C38D9D1B216C9244002DC7CA /* JSONTaskTests */,
				C38D9D26216C9244002DC7CA /* JSONTaskUITests */,
			);
		};
/* End PBXProject section */

/* Begin PBXResourcesBuildPhase section */
		C38D9D01216C9244002DC7CA /* Resources */ = {
			isa = PBXResourcesBuildPhase;
			buildActionMask = 2147483647;
			files = (
				C38D9D3F216C995C002DC7CA /* img.jpg in Resources */,
				C38D9D47216C9EF3002DC7CA /* File.json in Resources */,
				C38D9D41216C9C01002DC7CA /* img1.png in Resources */,
				C38D9D45216C9C0C002DC7CA /* img3.png in Resources */,
				C38D9DCA216CA90D002DC7CA /* img6.jpg in Resources */,
				C38D9D16216C9244002DC7CA /* LaunchScreen.storyboard in Resources */,
				C38D9DD2216CA922002DC7CA /* img22.jpg in Resources */,
				C38D9DC8216CA7BD002DC7CA /* img11.jpg in Resources */,
				C38D9D13216C9244002DC7CA /* Assets.xcassets in Resources */,
				C38D9D43216C9C06002DC7CA /* img2.png in Resources */,
				C38D9D3C216C9345002DC7CA /* MyCustomCell.xib in Resources */,
				C38D9DCE216CA916002DC7CA /* img4.jpg in Resources */,
				C38D9DD0216CA91B002DC7CA /* img33.jpg in Resources */,
				C38D9D11216C9244002DC7CA /* Main.storyboard in Resources */,
				C38D9DCC216CA912002DC7CA /* img5.jpg in Resources */,
			);
			runOnlyForDeploymentPostprocessing = 0;
		};
		C38D9D1A216C9244002DC7CA /* Resources */ = {
			isa = PBXResourcesBuildPhase;
			buildActionMask = 2147483647;
			files = (
			);
			runOnlyForDeploymentPostprocessing = 0;
		};
		C38D9D25216C9244002DC7CA /* Resources */ = {
			isa = PBXResourcesBuildPhase;
			buildActionMask = 2147483647;
			files = (
			);
			runOnlyForDeploymentPostprocessing = 0;
		};
/* End PBXResourcesBuildPhase section */

/* Begin PBXSourcesBuildPhase section */
		C38D9CFF216C9244002DC7CA /* Sources */ = {
			isa = PBXSourcesBuildPhase;
			buildActionMask = 2147483647;
			files = (
				C38D9D0E216C9244002DC7CA /* ViewController.m in Sources */,
				C38D9D0B216C9244002DC7CA /* AppDelegate.m in Sources */,
				C38D9DC1216CA0DB002DC7CA /* SBJsonStreamWriterAccumulator.m in Sources */,
				C38D9DBD216CA0DB002DC7CA /* SBJsonStreamParserAccumulator.m in Sources */,
				C38D9DBF216CA0DB002DC7CA /* SBJsonStreamParserState.m in Sources */,
				C38D9DC5216CA0DB002DC7CA /* SBJsonWriter.m in Sources */,
				C38D9D3D216C9345002DC7CA /* MyCustomCell.m in Sources */,
				C38D9DC2216CA0DB002DC7CA /* SBJsonStreamWriterState.m in Sources */,
				C38D9DBB216CA0DB002DC7CA /* SBJsonParser.m in Sources */,
				C38D9DC4216CA0DB002DC7CA /* SBJsonUTF8Stream.m in Sources */,
				C38D9DBC216CA0DB002DC7CA /* SBJsonStreamParser.m in Sources */,
				C38D9DC3216CA0DB002DC7CA /* SBJsonTokeniser.m in Sources */,
				C38D9DBA216CA0DB002DC7CA /* NSObject+SBJson.m in Sources */,
				C38D9D08216C9244002DC7CA /* main.m in Sources */,
				C38D9DC0216CA0DB002DC7CA /* SBJsonStreamWriter.m in Sources */,
				C38D9DBE216CA0DB002DC7CA /* SBJsonStreamParserAdapter.m in Sources */,
			);
			runOnlyForDeploymentPostprocessing = 0;
		};
		C38D9D18216C9244002DC7CA /* Sources */ = {
			isa = PBXSourcesBuildPhase;
			buildActionMask = 2147483647;
			files = (
				C38D9D21216C9244002DC7CA /* JSONTaskTests.m in Sources */,
			);
			runOnlyForDeploymentPostprocessing = 0;
		};
		C38D9D23216C9244002DC7CA /* Sources */ = {
			isa = PBXSourcesBuildPhase;
			buildActionMask = 2147483647;
			files = (
				C38D9D2C216C9244002DC7CA /* JSONTaskUITests.m in Sources */,
			);
			runOnlyForDeploymentPostprocessing = 0;
		};
/* End PBXSourcesBuildPhase section */

/* Begin PBXTargetDependency section */
		C38D9D1E216C9244002DC7CA /* PBXTargetDependency */ = {
			isa = PBXTargetDependency;
			target = C38D9D02216C9244002DC7CA /* JSONTask */;
			targetProxy = C38D9D1D216C9244002DC7CA /* PBXContainerItemProxy */;
		};
		C38D9D29216C9244002DC7CA /* PBXTargetDependency */ = {
			isa = PBXTargetDependency;
			target = C38D9D02216C9244002DC7CA /* JSONTask */;
			targetProxy = C38D9D28216C9244002DC7CA /* PBXContainerItemProxy */;
		};
/* End PBXTargetDependency section */

/* Begin PBXVariantGroup section */
		C38D9D0F216C9244002DC7CA /* Main.storyboard */ = {
			isa = PBXVariantGroup;
			children = (
				C38D9D10216C9244002DC7CA /* Base */,
			);
			name = Main.storyboard;
			sourceTree = "<group>";
		};
		C38D9D14216C9244002DC7CA /* LaunchScreen.storyboard */ = {
			isa = PBXVariantGroup;
			children = (
				C38D9D15216C9244002DC7CA /* Base */,
			);
			name = LaunchScreen.storyboard;
			sourceTree = "<group>";
		};
/* End PBXVariantGroup section */

/* Begin XCBuildConfiguration section */
		C38D9D2E216C9244002DC7CA /* Debug */ = {
			isa = XCBuildConfiguration;
			buildSettings = {
				ALWAYS_SEARCH_USER_PATHS = NO;
				CLANG_ANALYZER_NONNULL = YES;
				CLANG_ANALYZER_NUMBER_OBJECT_CONVERSION = YES_AGGRESSIVE;
				CLANG_CXX_LANGUAGE_STANDARD = "gnu++0x";
				CLANG_CXX_LIBRARY = "libc++";
				CLANG_ENABLE_MODULES = YES;
				CLANG_ENABLE_OBJC_ARC = YES;
				CLANG_WARN_BOOL_CONVERSION = YES;
				CLANG_WARN_CONSTANT_CONVERSION = YES;
				CLANG_WARN_DIRECT_OBJC_ISA_USAGE = YES_ERROR;
				CLANG_WARN_DOCUMENTATION_COMMENTS = YES;
				CLANG_WARN_EMPTY_BODY = YES;
				CLANG_WARN_ENUM_CONVERSION = YES;
				CLANG_WARN_INFINITE_RECURSION = YES;
				CLANG_WARN_INT_CONVERSION = YES;
				CLANG_WARN_OBJC_ROOT_CLASS = YES_ERROR;
				CLANG_WARN_SUSPICIOUS_MOVE = YES;
				CLANG_WARN_UNREACHABLE_CODE = YES;
				CLANG_WARN__DUPLICATE_METHOD_MATCH = YES;
				"CODE_SIGN_IDENTITY[sdk=iphoneos*]" = "iPhone Developer";
				COPY_PHASE_STRIP = NO;
				DEBUG_INFORMATION_FORMAT = dwarf;
				ENABLE_STRICT_OBJC_MSGSEND = YES;
				ENABLE_TESTABILITY = YES;
				GCC_C_LANGUAGE_STANDARD = gnu99;
				GCC_DYNAMIC_NO_PIC = NO;
				GCC_NO_COMMON_BLOCKS = YES;
				GCC_OPTIMIZATION_LEVEL = 0;
				GCC_PREPROCESSOR_DEFINITIONS = (
					"DEBUG=1",
					"$(inherited)",
				);
				GCC_WARN_64_TO_32_BIT_CONVERSION = YES;
				GCC_WARN_ABOUT_RETURN_TYPE = YES_ERROR;
				GCC_WARN_UNDECLARED_SELECTOR = YES;
				GCC_WARN_UNINITIALIZED_AUTOS = YES_AGGRESSIVE;
				GCC_WARN_UNUSED_FUNCTION = YES;
				GCC_WARN_UNUSED_VARIABLE = YES;
				IPHONEOS_DEPLOYMENT_TARGET = 10.3;
				MTL_ENABLE_DEBUG_INFO = YES;
				ONLY_ACTIVE_ARCH = YES;
				SDKROOT = iphoneos;
				TARGETED_DEVICE_FAMILY = "1,2";
			};
			name = Debug;
		};
		C38D9D2F216C9244002DC7CA /* Release */ = {
			isa = XCBuildConfiguration;
			buildSettings = {
				ALWAYS_SEARCH_USER_PATHS = NO;
				CLANG_ANALYZER_NONNULL = YES;
				CLANG_ANALYZER_NUMBER_OBJECT_CONVERSION = YES_AGGRESSIVE;
				CLANG_CXX_LANGUAGE_STANDARD = "gnu++0x";
				CLANG_CXX_LIBRARY = "libc++";
				CLANG_ENABLE_MODULES = YES;
				CLANG_ENABLE_OBJC_ARC = YES;
				CLANG_WARN_BOOL_CONVERSION = YES;
				CLANG_WARN_CONSTANT_CONVERSION = YES;
				CLANG_WARN_DIRECT_OBJC_ISA_USAGE = YES_ERROR;
				CLANG_WARN_DOCUMENTATION_COMMENTS = YES;
				CLANG_WARN_EMPTY_BODY = YES;
				CLANG_WARN_ENUM_CONVERSION = YES;
				CLANG_WARN_INFINITE_RECURSION = YES;
				CLANG_WARN_INT_CONVERSION = YES;
				CLANG_WARN_OBJC_ROOT_CLASS = YES_ERROR;
				CLANG_WARN_SUSPICIOUS_MOVE = YES;
				CLANG_WARN_UNREACHABLE_CODE = YES;
				CLANG_WARN__DUPLICATE_METHOD_MATCH = YES;
				"CODE_SIGN_IDENTITY[sdk=iphoneos*]" = "iPhone Developer";
				COPY_PHASE_STRIP = NO;
				DEBUG_INFORMATION_FORMAT = "dwarf-with-dsym";
				ENABLE_NS_ASSERTIONS = NO;
				ENABLE_STRICT_OBJC_MSGSEND = YES;
				GCC_C_LANGUAGE_STANDARD = gnu99;
				GCC_NO_COMMON_BLOCKS = YES;
				GCC_WARN_64_TO_32_BIT_CONVERSION = YES;
				GCC_WARN_ABOUT_RETURN_TYPE = YES_ERROR;
				GCC_WARN_UNDECLARED_SELECTOR = YES;
				GCC_WARN_UNINITIALIZED_AUTOS = YES_AGGRESSIVE;
				GCC_WARN_UNUSED_FUNCTION = YES;
				GCC_WARN_UNUSED_VARIABLE = YES;
				IPHONEOS_DEPLOYMENT_TARGET = 10.3;
				MTL_ENABLE_DEBUG_INFO = NO;
				SDKROOT = iphoneos;
				TARGETED_DEVICE_FAMILY = "1,2";
				VALIDATE_PRODUCT = YES;
			};
			name = Release;
		};
		C38D9D31216C9244002DC7CA /* Debug */ = {
			isa = XCBuildConfiguration;
			buildSettings = {
				ASSETCATALOG_COMPILER_APPICON_NAME = AppIcon;
				INFOPLIST_FILE = JSONTask/Info.plist;
				LD_RUNPATH_SEARCH_PATHS = "$(inherited) @executable_path/Frameworks";
				PRODUCT_BUNDLE_IDENTIFIER = com.infosys.jsontask.JSONTask;
				PRODUCT_NAME = "$(TARGET_NAME)";
			};
			name = Debug;
		};
		C38D9D32216C9244002DC7CA /* Release */ = {
			isa = XCBuildConfiguration;
			buildSettings = {
				ASSETCATALOG_COMPILER_APPICON_NAME = AppIcon;
				INFOPLIST_FILE = JSONTask/Info.plist;
				LD_RUNPATH_SEARCH_PATHS = "$(inherited) @executable_path/Frameworks";
				PRODUCT_BUNDLE_IDENTIFIER = com.infosys.jsontask.JSONTask;
				PRODUCT_NAME = "$(TARGET_NAME)";
			};
			name = Release;
		};
		C38D9D34216C9244002DC7CA /* Debug */ = {
			isa = XCBuildConfiguration;
			buildSettings = {
				BUNDLE_LOADER = "$(TEST_HOST)";
				INFOPLIST_FILE = JSONTaskTests/Info.plist;
				LD_RUNPATH_SEARCH_PATHS = "$(inherited) @executable_path/Frameworks @loader_path/Frameworks";
				PRODUCT_BUNDLE_IDENTIFIER = com.infosys.jsontask.JSONTaskTests;
				PRODUCT_NAME = "$(TARGET_NAME)";
				TEST_HOST = "$(BUILT_PRODUCTS_DIR)/JSONTask.app/JSONTask";
			};
			name = Debug;
		};
		C38D9D35216C9244002DC7CA /* Release */ = {
			isa = XCBuildConfiguration;
			buildSettings = {
				BUNDLE_LOADER = "$(TEST_HOST)";
				INFOPLIST_FILE = JSONTaskTests/Info.plist;
				LD_RUNPATH_SEARCH_PATHS = "$(inherited) @executable_path/Frameworks @loader_path/Frameworks";
				PRODUCT_BUNDLE_IDENTIFIER = com.infosys.jsontask.JSONTaskTests;
				PRODUCT_NAME = "$(TARGET_NAME)";
				TEST_HOST = "$(BUILT_PRODUCTS_DIR)/JSONTask.app/JSONTask";
			};
			name = Release;
		};
		C38D9D37216C9244002DC7CA /* Debug */ = {
			isa = XCBuildConfiguration;
			buildSettings = {
				INFOPLIST_FILE = JSONTaskUITests/Info.plist;
				LD_RUNPATH_SEARCH_PATHS = "$(inherited) @executable_path/Frameworks @loader_path/Frameworks";
				PRODUCT_BUNDLE_IDENTIFIER = com.infosys.jsontask.JSONTaskUITests;
				PRODUCT_NAME = "$(TARGET_NAME)";
				TEST_TARGET_NAME = JSONTask;
			};
			name = Debug;
		};
		C38D9D38216C9244002DC7CA /* Release */ = {
			isa = XCBuildConfiguration;
			buildSettings = {
				INFOPLIST_FILE = JSONTaskUITests/Info.plist;
				LD_RUNPATH_SEARCH_PATHS = "$(inherited) @executable_path/Frameworks @loader_path/Frameworks";
				PRODUCT_BUNDLE_IDENTIFIER = com.infosys.jsontask.JSONTaskUITests;
				PRODUCT_NAME = "$(TARGET_NAME)";
				TEST_TARGET_NAME = JSONTask;
			};
			name = Release;
		};
/* End XCBuildConfiguration section */

/* Begin XCConfigurationList section */
		C38D9CFE216C9244002DC7CA /* Build configuration list for PBXProject "JSONTask" */ = {
			isa = XCConfigurationList;
			buildConfigurations = (
				C38D9D2E216C9244002DC7CA /* Debug */,
				C38D9D2F216C9244002DC7CA /* Release */,
			);
			defaultConfigurationIsVisible = 0;
			defaultConfigurationName = Release;
		};
		C38D9D30216C9244002DC7CA /* Build configuration list for PBXNativeTarget "JSONTask" */ = {
			isa = XCConfigurationList;
			buildConfigurations = (
				C38D9D31216C9244002DC7CA /* Debug */,
				C38D9D32216C9244002DC7CA /* Release */,
			);
			defaultConfigurationIsVisible = 0;
		};
		C38D9D33216C9244002DC7CA /* Build configuration list for PBXNativeTarget "JSONTaskTests" */ = {
			isa = XCConfigurationList;
			buildConfigurations = (
				C38D9D34216C9244002DC7CA /* Debug */,
				C38D9D35216C9244002DC7CA /* Release */,
			);
			defaultConfigurationIsVisible = 0;
		};
		C38D9D36216C9244002DC7CA /* Build configuration list for PBXNativeTarget "JSONTaskUITests" */ = {
			isa = XCConfigurationList;
			buildConfigurations = (
				C38D9D37216C9244002DC7CA /* Debug */,
				C38D9D38216C9244002DC7CA /* Release */,
			);
			defaultConfigurationIsVisible = 0;
		};
/* End XCConfigurationList section */
	};
	rootObject = C38D9CFB216C9244002DC7CA /* Project object */;
}
